
Microsoft Visual Studio Solution File, Format Version 12.00
# Visual Studio 14
VisualStudioVersion = 14.0.23107.0
MinimumVisualStudioVersion = 10.0.40219.1
Project("{FAE04EC0-301F-11D3-BF4B-00C04F79EFBC}") = "WebApplication1", "WebApplication1\WebApplication1.csproj", "{5AE1D0B1-D9DD-41FE-98D3-5076751DE7F7}"
EndProject
Project("{2150E333-8FDC-42A3-9474-1A3956D46DE8}") = "PublishScripts", "PublishScripts", "{FC2013E0-EFCC-4ECC-A94D-D21A5BEDAD6B}"
EndProject
Project("{2150E333-8FDC-42A3-9474-1A3956D46DE8}") = "Scripts", "Scripts", "{1B0D8ABC-66D8-48FD-BA8B-E89521C81405}"
	ProjectSection(SolutionItems) = preProject
		PublishScripts\Scripts\Deploy-AzureResourceGroup.ps1 = PublishScripts\Scripts\Deploy-AzureResourceGroup.ps1
	EndProjectSection
EndProject
Project("{2150E333-8FDC-42A3-9474-1A3956D46DE8}") = "Templates", "Templates", "{AF17D7E0-07E3-42A5-9913-1C9C59C7E53F}"
	ProjectSection(SolutionItems) = preProject
		PublishScripts\Templates\WebApplication1.json = PublishScripts\Templates\WebApplication1.json
		PublishScripts\Templates\WebApplication1.param.dev.json = PublishScripts\Templates\WebApplication1.param.dev.json
	EndProjectSection
EndProject
Global
	GlobalSection(SolutionConfigurationPlatforms) = preSolution
		Debug|Any CPU = Debug|Any CPU
		Release|Any CPU = Release|Any CPU
	EndGlobalSection
	GlobalSection(ProjectConfigurationPlatforms) = postSolution
		{5AE1D0B1-D9DD-41FE-98D3-5076751DE7F7}.Debug|Any CPU.ActiveCfg = Debug|Any CPU
		{5AE1D0B1-D9DD-41FE-98D3-5076751DE7F7}.Debug|Any CPU.Build.0 = Debug|Any CPU
		{5AE1D0B1-D9DD-41FE-98D3-5076751DE7F7}.Release|Any CPU.ActiveCfg = Release|Any CPU
		{5AE1D0B1-D9DD-41FE-98D3-5076751DE7F7}.Release|Any CPU.Build.0 = Release|Any CPU
	EndGlobalSection
	GlobalSection(SolutionProperties) = preSolution
		HideSolutionNode = FALSE
	EndGlobalSection
	GlobalSection(NestedProjects) = preSolution
		{1B0D8ABC-66D8-48FD-BA8B-E89521C81405} = {FC2013E0-EFCC-4ECC-A94D-D21A5BEDAD6B}
		{AF17D7E0-07E3-42A5-9913-1C9C59C7E53F} = {FC2013E0-EFCC-4ECC-A94D-D21A5BEDAD6B}
	EndGlobalSection
EndGlobal
